// !$*UTF8*$!
{
	archiveVersion = 1;
	classes = {
	};
	objectVersion = 48;
	objects = {

/* Begin PBXBuildFile section */
		861D513F2104D77C00700E97 /* LJRefreshControl.swift in Sources */ = {isa = PBXBuildFile; fileRef = 861D513E2104D77C00700E97 /* LJRefreshControl.swift */; };
		861D51492105B87300700E97 /* LJRefreshView.swift in Sources */ = {isa = PBXBuildFile; fileRef = 861D51472105B87300700E97 /* LJRefreshView.swift */; };
		861D514A2105B87300700E97 /* LJRefreshView.xib in Resources */ = {isa = PBXBuildFile; fileRef = 861D51482105B87300700E97 /* LJRefreshView.xib */; };
		864E64D020EDBC2600D5AB30 /* LJStatusModel.swift in Sources */ = {isa = PBXBuildFile; fileRef = 864E64CF20EDBC2600D5AB30 /* LJStatusModel.swift */; };
		864E650120EDF5A600D5AB30 /* LJStatusViewModel.swift in Sources */ = {isa = PBXBuildFile; fileRef = 864E650020EDF5A600D5AB30 /* LJStatusViewModel.swift */; };
		864E653A20F4A15800D5AB30 /* LJCommon.swift in Sources */ = {isa = PBXBuildFile; fileRef = 864E653920F4A15700D5AB30 /* LJCommon.swift */; };
		864E653D20F4A44000D5AB30 /* LJOAuthViewController.swift in Sources */ = {isa = PBXBuildFile; fileRef = 864E653C20F4A44000D5AB30 /* LJOAuthViewController.swift */; };
		864E654020F59DE800D5AB30 /* LJUserAccount.swift in Sources */ = {isa = PBXBuildFile; fileRef = 864E653F20F59DE800D5AB30 /* LJUserAccount.swift */; };
		864E654320F5F98C00D5AB30 /* LJTitleButton.swift in Sources */ = {isa = PBXBuildFile; fileRef = 864E654220F5F98C00D5AB30 /* LJTitleButton.swift */; };
		864E654620F6EE3300D5AB30 /* LJWelcomeView.swift in Sources */ = {isa = PBXBuildFile; fileRef = 864E654520F6EE3300D5AB30 /* LJWelcomeView.swift */; };
		864E654820F6EED400D5AB30 /* LJNewFeatureView.swift in Sources */ = {isa = PBXBuildFile; fileRef = 864E654720F6EED400D5AB30 /* LJNewFeatureView.swift */; };
		864E654A20F6F79000D5AB30 /* LJWelcomeView.xib in Resources */ = {isa = PBXBuildFile; fileRef = 864E654920F6F79000D5AB30 /* LJWelcomeView.xib */; };
		8667757F20FD8B2500CD7D03 /* LJUser.swift in Sources */ = {isa = PBXBuildFile; fileRef = 8667757E20FD8B2500CD7D03 /* LJUser.swift */; };
		8667758120FD8EC500CD7D03 /* LJStatusSingleViewModel.swift in Sources */ = {isa = PBXBuildFile; fileRef = 8667758020FD8EC500CD7D03 /* LJStatusSingleViewModel.swift */; };
		8667758320FDCCC000CD7D03 /* UIimageView+WebImage.swift in Sources */ = {isa = PBXBuildFile; fileRef = 8667758220FDCCC000CD7D03 /* UIimageView+WebImage.swift */; };
		8667758520FDDCD600CD7D03 /* LJLable.swift in Sources */ = {isa = PBXBuildFile; fileRef = 8667758420FDDCD600CD7D03 /* LJLable.swift */; };
		866775A520FE023700CD7D03 /* LJStatusToolBar.swift in Sources */ = {isa = PBXBuildFile; fileRef = 866775A420FE023700CD7D03 /* LJStatusToolBar.swift */; };
		866775A720FEE34E00CD7D03 /* LJStatusPicView.swift in Sources */ = {isa = PBXBuildFile; fileRef = 866775A620FEE34E00CD7D03 /* LJStatusPicView.swift */; };
		866775A920FF14C500CD7D03 /* LJStatausPicture.swift in Sources */ = {isa = PBXBuildFile; fileRef = 866775A820FF14C500CD7D03 /* LJStatausPicture.swift */; };
		866775AB21002E6D00CD7D03 /* LJStatusRetweetCell.xib in Resources */ = {isa = PBXBuildFile; fileRef = 866775AA21002E6D00CD7D03 /* LJStatusRetweetCell.xib */; };
		868E77F721071D6E00957E20 /* LJMeiRefreshView.swift in Sources */ = {isa = PBXBuildFile; fileRef = 868E77F421071D6D00957E20 /* LJMeiRefreshView.swift */; };
		868E77F821071D6E00957E20 /* LJHumanRefreshView.xib in Resources */ = {isa = PBXBuildFile; fileRef = 868E77F521071D6D00957E20 /* LJHumanRefreshView.xib */; };
		868E77F921071D6E00957E20 /* LJMeiRefreshView.xib in Resources */ = {isa = PBXBuildFile; fileRef = 868E77F621071D6E00957E20 /* LJMeiRefreshView.xib */; };
		86996DDD210B35BC00D707C6 /* HMEmoticon.bundle in Resources */ = {isa = PBXBuildFile; fileRef = 86996DDC210B35BC00D707C6 /* HMEmoticon.bundle */; };
		86996DE1210B35D200D707C6 /* LJEmoticonPackage.swift in Sources */ = {isa = PBXBuildFile; fileRef = 86996DDF210B35D200D707C6 /* LJEmoticonPackage.swift */; };
		86996DE2210B35D200D707C6 /* LJEmoticon.swift in Sources */ = {isa = PBXBuildFile; fileRef = 86996DE0210B35D200D707C6 /* LJEmoticon.swift */; };
		86996DE4210B360A00D707C6 /* LJEmoticonManager.swift in Sources */ = {isa = PBXBuildFile; fileRef = 86996DE3210B360A00D707C6 /* LJEmoticonManager.swift */; };
		869A439720FC6CA1008980F9 /* LJImage+Extentsion.swift in Sources */ = {isa = PBXBuildFile; fileRef = 869A439620FC6CA1008980F9 /* LJImage+Extentsion.swift */; };
		869A439A20FC736A008980F9 /* LJStatusCell.swift in Sources */ = {isa = PBXBuildFile; fileRef = 869A439920FC736A008980F9 /* LJStatusCell.swift */; };
		869A439C20FC739D008980F9 /* LJStatusNormalCell.xib in Resources */ = {isa = PBXBuildFile; fileRef = 869A439B20FC739D008980F9 /* LJStatusNormalCell.xib */; };
		86ACA8CB21080D00003D3008 /* LJComposeTypeView.swift in Sources */ = {isa = PBXBuildFile; fileRef = 86ACA8CA21080D00003D3008 /* LJComposeTypeView.swift */; };
		86ACA8CD21080D09003D3008 /* LJComposeTypeView.xib in Resources */ = {isa = PBXBuildFile; fileRef = 86ACA8CC21080D09003D3008 /* LJComposeTypeView.xib */; };
		86ACA8CF210818A4003D3008 /* LJComposeTypeButton.swift in Sources */ = {isa = PBXBuildFile; fileRef = 86ACA8CE210818A4003D3008 /* LJComposeTypeButton.swift */; };
		86ACA8D1210818BC003D3008 /* LJComposeTypeButton.xib in Resources */ = {isa = PBXBuildFile; fileRef = 86ACA8D0210818BC003D3008 /* LJComposeTypeButton.xib */; };
		86ACA8D321096773003D3008 /* LJComposeViewController.swift in Sources */ = {isa = PBXBuildFile; fileRef = 86ACA8D221096773003D3008 /* LJComposeViewController.swift */; };
		86ACA8F52109C570003D3008 /* String+Extentsion.swift in Sources */ = {isa = PBXBuildFile; fileRef = 86ACA8F42109C56F003D3008 /* String+Extentsion.swift */; };
		86F6FC1920E2292000BA0AD1 /* AppDelegate.swift in Sources */ = {isa = PBXBuildFile; fileRef = 86F6FC1820E2292000BA0AD1 /* AppDelegate.swift */; };
		86F6FC1E20E2292000BA0AD1 /* Main.storyboard in Resources */ = {isa = PBXBuildFile; fileRef = 86F6FC1C20E2292000BA0AD1 /* Main.storyboard */; };
		86F6FC2320E2292000BA0AD1 /* LaunchScreen.storyboard in Resources */ = {isa = PBXBuildFile; fileRef = 86F6FC2120E2292000BA0AD1 /* LaunchScreen.storyboard */; };
		86F6FC2B20E2344600BA0AD1 /* Assets.xcassets in Resources */ = {isa = PBXBuildFile; fileRef = 86F6FC2A20E2344500BA0AD1 /* Assets.xcassets */; };
		86F6FC3720E23E6500BA0AD1 /* LJMainViewController.swift in Sources */ = {isa = PBXBuildFile; fileRef = 86F6FC3620E23E6500BA0AD1 /* LJMainViewController.swift */; };
		86F6FC3920E23F7100BA0AD1 /* LJNavigationController.swift in Sources */ = {isa = PBXBuildFile; fileRef = 86F6FC3820E23F7100BA0AD1 /* LJNavigationController.swift */; };
		86F6FC3B20E244F100BA0AD1 /* LJMessageViewController.swift in Sources */ = {isa = PBXBuildFile; fileRef = 86F6FC3A20E244F100BA0AD1 /* LJMessageViewController.swift */; };
		86F6FC3D20E2450200BA0AD1 /* LJProfileViewController.swift in Sources */ = {isa = PBXBuildFile; fileRef = 86F6FC3C20E2450200BA0AD1 /* LJProfileViewController.swift */; };
		86F6FC3F20E2451200BA0AD1 /* LJDiscoverViewController.swift in Sources */ = {isa = PBXBuildFile; fileRef = 86F6FC3E20E2451200BA0AD1 /* LJDiscoverViewController.swift */; };
		86F6FC4120E2451F00BA0AD1 /* LJHomeViewController.swift in Sources */ = {isa = PBXBuildFile; fileRef = 86F6FC4020E2451F00BA0AD1 /* LJHomeViewController.swift */; };
		86F6FC5D20E3239800BA0AD1 /* UIColor+CZAddition.m in Sources */ = {isa = PBXBuildFile; fileRef = 86F6FC4420E3239800BA0AD1 /* UIColor+CZAddition.m */; };
		86F6FC5E20E3239800BA0AD1 /* UIView+CZAddition.m in Sources */ = {isa = PBXBuildFile; fileRef = 86F6FC4520E3239800BA0AD1 /* UIView+CZAddition.m */; };
		86F6FC5F20E3239800BA0AD1 /* UIScreen+CZAddition.m in Sources */ = {isa = PBXBuildFile; fileRef = 86F6FC4820E3239800BA0AD1 /* UIScreen+CZAddition.m */; };
		86F6FC6020E3239800BA0AD1 /* UILabel+CZAddition.m in Sources */ = {isa = PBXBuildFile; fileRef = 86F6FC4A20E3239800BA0AD1 /* UILabel+CZAddition.m */; };
		86F6FC6120E3239800BA0AD1 /* NSString+CZBase64.m in Sources */ = {isa = PBXBuildFile; fileRef = 86F6FC4C20E3239800BA0AD1 /* NSString+CZBase64.m */; };
		86F6FC6220E3239800BA0AD1 /* NSString+CZPath.m in Sources */ = {isa = PBXBuildFile; fileRef = 86F6FC4D20E3239800BA0AD1 /* NSString+CZPath.m */; };
		86F6FC6320E3239800BA0AD1 /* UIButton+CZAddition.m in Sources */ = {isa = PBXBuildFile; fileRef = 86F6FC5020E3239800BA0AD1 /* UIButton+CZAddition.m */; };
		86F6FC6420E3239800BA0AD1 /* NSObject+CZRuntime.m in Sources */ = {isa = PBXBuildFile; fileRef = 86F6FC5320E3239800BA0AD1 /* NSObject+CZRuntime.m */; };
		86F6FC6520E3239800BA0AD1 /* UIViewController+CZAddition.m in Sources */ = {isa = PBXBuildFile; fileRef = 86F6FC5620E3239800BA0AD1 /* UIViewController+CZAddition.m */; };
		86F6FC6620E3239800BA0AD1 /* NSString+CZHash.m in Sources */ = {isa = PBXBuildFile; fileRef = 86F6FC5720E3239800BA0AD1 /* NSString+CZHash.m */; };
		86F6FC6720E3239800BA0AD1 /* NSAttributedString+CZAdditon.m in Sources */ = {isa = PBXBuildFile; fileRef = 86F6FC5A20E3239800BA0AD1 /* NSAttributedString+CZAdditon.m */; };
		86F6FC6820E3239800BA0AD1 /* NSArray+Log.m in Sources */ = {isa = PBXBuildFile; fileRef = 86F6FC5B20E3239800BA0AD1 /* NSArray+Log.m */; };
		86F6FC6A20E325D900BA0AD1 /* LJBaseViewController.swift in Sources */ = {isa = PBXBuildFile; fileRef = 86F6FC6920E325D900BA0AD1 /* LJBaseViewController.swift */; };
		86F6FC6D20E32D5400BA0AD1 /* Bundle+extension.swift in Sources */ = {isa = PBXBuildFile; fileRef = 86F6FC6C20E32D5400BA0AD1 /* Bundle+extension.swift */; };
		86F6FC7120E39BC800BA0AD1 /* UIBarButtonItem+Extension.swift in Sources */ = {isa = PBXBuildFile; fileRef = 86F6FC7020E39BC800BA0AD1 /* UIBarButtonItem+Extension.swift */; };
		86F6FC7320E48F2700BA0AD1 /* LJNavigationBar.swift in Sources */ = {isa = PBXBuildFile; fileRef = 86F6FC7220E48F2700BA0AD1 /* LJNavigationBar.swift */; };
		86F6FC9B20E7710C00BA0AD1 /* LJVisitorView.swift in Sources */ = {isa = PBXBuildFile; fileRef = 86F6FC9A20E7710C00BA0AD1 /* LJVisitorView.swift */; };
		86F6FCA320EA25F000BA0AD1 /* main.json in Resources */ = {isa = PBXBuildFile; fileRef = 86F6FCA220EA25F000BA0AD1 /* main.json */; };
		86F6FCAA20EC988900BA0AD1 /* LJNetworkManager.swift in Sources */ = {isa = PBXBuildFile; fileRef = 86F6FCA920EC988900BA0AD1 /* LJNetworkManager.swift */; };
		86F6FCAC20ECC75A00BA0AD1 /* LJNetworkManager+Extension.swift in Sources */ = {isa = PBXBuildFile; fileRef = 86F6FCAB20ECC75A00BA0AD1 /* LJNetworkManager+Extension.swift */; };
		86FFE0D320F72B460026AB61 /* LJNewFeatureView.xib in Resources */ = {isa = PBXBuildFile; fileRef = 86FFE0D220F72B460026AB61 /* LJNewFeatureView.xib */; };
		9FBE546B42CBBF3CFD5EFF45 /* Pods_testPro.framework in Frameworks */ = {isa = PBXBuildFile; fileRef = 6B1D98216877E71E3926A472 /* Pods_testPro.framework */; };
/* End PBXBuildFile section */

/* Begin PBXFileReference section */
		3FAA8828133FE0D8271E24A3 /* Pods-testPro.debug.xcconfig */ = {isa = PBXFileReference; includeInIndex = 1; lastKnownFileType = text.xcconfig; name = "Pods-testPro.debug.xcconfig"; path = "Pods/Target Support Files/Pods-testPro/Pods-testPro.debug.xcconfig"; sourceTree = "<group>"; };
		40C3814E624AF317B3D482EF /* Pods-testPro.release.xcconfig */ = {isa = PBXFileReference; includeInIndex = 1; lastKnownFileType = text.xcconfig; name = "Pods-testPro.release.xcconfig"; path = "Pods/Target Support Files/Pods-testPro/Pods-testPro.release.xcconfig"; sourceTree = "<group>"; };
		6B1D98216877E71E3926A472 /* Pods_testPro.framework */ = {isa = PBXFileReference; explicitFileType = wrapper.framework; includeInIndex = 0; path = Pods_testPro.framework; sourceTree = BUILT_PRODUCTS_DIR; };
		861D513E2104D77C00700E97 /* LJRefreshControl.swift */ = {isa = PBXFileReference; lastKnownFileType = sourcecode.swift; path = LJRefreshControl.swift; sourceTree = "<group>"; };
		861D51472105B87300700E97 /* LJRefreshView.swift */ = {isa = PBXFileReference; fileEncoding = 4; lastKnownFileType = sourcecode.swift; path = LJRefreshView.swift; sourceTree = "<group>"; };
		861D51482105B87300700E97 /* LJRefreshView.xib */ = {isa = PBXFileReference; fileEncoding = 4; lastKnownFileType = file.xib; path = LJRefreshView.xib; sourceTree = "<group>"; };
		864E64CF20EDBC2600D5AB30 /* LJStatusModel.swift */ = {isa = PBXFileReference; lastKnownFileType = sourcecode.swift; path = LJStatusModel.swift; sourceTree = "<group>"; };
		864E650020EDF5A600D5AB30 /* LJStatusViewModel.swift */ = {isa = PBXFileReference; lastKnownFileType = sourcecode.swift; path = LJStatusViewModel.swift; sourceTree = "<group>"; };
		864E653920F4A15700D5AB30 /* LJCommon.swift */ = {isa = PBXFileReference; lastKnownFileType = sourcecode.swift; path = LJCommon.swift; sourceTree = "<group>"; };
		864E653C20F4A44000D5AB30 /* LJOAuthViewController.swift */ = {isa = PBXFileReference; lastKnownFileType = sourcecode.swift; path = LJOAuthViewController.swift; sourceTree = "<group>"; };
		864E653F20F59DE800D5AB30 /* LJUserAccount.swift */ = {isa = PBXFileReference; lastKnownFileType = sourcecode.swift; path = LJUserAccount.swift; sourceTree = "<group>"; };
		864E654220F5F98C00D5AB30 /* LJTitleButton.swift */ = {isa = PBXFileReference; lastKnownFileType = sourcecode.swift; path = LJTitleButton.swift; sourceTree = "<group>"; };
		864E654520F6EE3300D5AB30 /* LJWelcomeView.swift */ = {isa = PBXFileReference; lastKnownFileType = sourcecode.swift; path = LJWelcomeView.swift; sourceTree = "<group>"; };
		864E654720F6EED400D5AB30 /* LJNewFeatureView.swift */ = {isa = PBXFileReference; lastKnownFileType = sourcecode.swift; path = LJNewFeatureView.swift; sourceTree = "<group>"; };
		864E654920F6F79000D5AB30 /* LJWelcomeView.xib */ = {isa = PBXFileReference; lastKnownFileType = file.xib; path = LJWelcomeView.xib; sourceTree = "<group>"; };
		8667757E20FD8B2500CD7D03 /* LJUser.swift */ = {isa = PBXFileReference; lastKnownFileType = sourcecode.swift; path = LJUser.swift; sourceTree = "<group>"; };
		8667758020FD8EC500CD7D03 /* LJStatusSingleViewModel.swift */ = {isa = PBXFileReference; lastKnownFileType = sourcecode.swift; path = LJStatusSingleViewModel.swift; sourceTree = "<group>"; };
		8667758220FDCCC000CD7D03 /* UIimageView+WebImage.swift */ = {isa = PBXFileReference; lastKnownFileType = sourcecode.swift; path = "UIimageView+WebImage.swift"; sourceTree = "<group>"; };
		8667758420FDDCD600CD7D03 /* LJLable.swift */ = {isa = PBXFileReference; lastKnownFileType = sourcecode.swift; path = LJLable.swift; sourceTree = "<group>"; };
		866775A420FE023700CD7D03 /* LJStatusToolBar.swift */ = {isa = PBXFileReference; lastKnownFileType = sourcecode.swift; path = LJStatusToolBar.swift; sourceTree = "<group>"; };
		866775A620FEE34E00CD7D03 /* LJStatusPicView.swift */ = {isa = PBXFileReference; lastKnownFileType = sourcecode.swift; path = LJStatusPicView.swift; sourceTree = "<group>"; };
		866775A820FF14C500CD7D03 /* LJStatausPicture.swift */ = {isa = PBXFileReference; lastKnownFileType = sourcecode.swift; path = LJStatausPicture.swift; sourceTree = "<group>"; };
		866775AA21002E6D00CD7D03 /* LJStatusRetweetCell.xib */ = {isa = PBXFileReference; fileEncoding = 4; lastKnownFileType = file.xib; path = LJStatusRetweetCell.xib; sourceTree = "<group>"; };
		868E77F421071D6D00957E20 /* LJMeiRefreshView.swift */ = {isa = PBXFileReference; fileEncoding = 4; lastKnownFileType = sourcecode.swift; path = LJMeiRefreshView.swift; sourceTree = "<group>"; };
		868E77F521071D6D00957E20 /* LJHumanRefreshView.xib */ = {isa = PBXFileReference; fileEncoding = 4; lastKnownFileType = file.xib; path = LJHumanRefreshView.xib; sourceTree = "<group>"; };
		868E77F621071D6E00957E20 /* LJMeiRefreshView.xib */ = {isa = PBXFileReference; fileEncoding = 4; lastKnownFileType = file.xib; path = LJMeiRefreshView.xib; sourceTree = "<group>"; };
		86996DDC210B35BC00D707C6 /* HMEmoticon.bundle */ = {isa = PBXFileReference; lastKnownFileType = "wrapper.plug-in"; path = HMEmoticon.bundle; sourceTree = "<group>"; };
		86996DDF210B35D200D707C6 /* LJEmoticonPackage.swift */ = {isa = PBXFileReference; fileEncoding = 4; lastKnownFileType = sourcecode.swift; path = LJEmoticonPackage.swift; sourceTree = "<group>"; };
		86996DE0210B35D200D707C6 /* LJEmoticon.swift */ = {isa = PBXFileReference; fileEncoding = 4; lastKnownFileType = sourcecode.swift; path = LJEmoticon.swift; sourceTree = "<group>"; };
		86996DE3210B360A00D707C6 /* LJEmoticonManager.swift */ = {isa = PBXFileReference; fileEncoding = 4; lastKnownFileType = sourcecode.swift; path = LJEmoticonManager.swift; sourceTree = "<group>"; };
		869A439620FC6CA1008980F9 /* LJImage+Extentsion.swift */ = {isa = PBXFileReference; lastKnownFileType = sourcecode.swift; path = "LJImage+Extentsion.swift"; sourceTree = "<group>"; };
		869A439920FC736A008980F9 /* LJStatusCell.swift */ = {isa = PBXFileReference; lastKnownFileType = sourcecode.swift; path = LJStatusCell.swift; sourceTree = "<group>"; };
		869A439B20FC739D008980F9 /* LJStatusNormalCell.xib */ = {isa = PBXFileReference; lastKnownFileType = file.xib; path = LJStatusNormalCell.xib; sourceTree = "<group>"; };
		86ACA8CA21080D00003D3008 /* LJComposeTypeView.swift */ = {isa = PBXFileReference; lastKnownFileType = sourcecode.swift; path = LJComposeTypeView.swift; sourceTree = "<group>"; };
		86ACA8CC21080D09003D3008 /* LJComposeTypeView.xib */ = {isa = PBXFileReference; lastKnownFileType = file.xib; path = LJComposeTypeView.xib; sourceTree = "<group>"; };
		86ACA8CE210818A4003D3008 /* LJComposeTypeButton.swift */ = {isa = PBXFileReference; lastKnownFileType = sourcecode.swift; path = LJComposeTypeButton.swift; sourceTree = "<group>"; };
		86ACA8D0210818BC003D3008 /* LJComposeTypeButton.xib */ = {isa = PBXFileReference; lastKnownFileType = file.xib; path = LJComposeTypeButton.xib; sourceTree = "<group>"; };
		86ACA8D221096773003D3008 /* LJComposeViewController.swift */ = {isa = PBXFileReference; lastKnownFileType = sourcecode.swift; path = LJComposeViewController.swift; sourceTree = "<group>"; };
		86ACA8F42109C56F003D3008 /* String+Extentsion.swift */ = {isa = PBXFileReference; fileEncoding = 4; lastKnownFileType = sourcecode.swift; path = "String+Extentsion.swift"; sourceTree = "<group>"; };
		86F6FC1520E2292000BA0AD1 /* testPro.app */ = {isa = PBXFileReference; explicitFileType = wrapper.application; includeInIndex = 0; path = testPro.app; sourceTree = BUILT_PRODUCTS_DIR; };
		86F6FC1820E2292000BA0AD1 /* AppDelegate.swift */ = {isa = PBXFileReference; lastKnownFileType = sourcecode.swift; path = AppDelegate.swift; sourceTree = "<group>"; };
		86F6FC1D20E2292000BA0AD1 /* Base */ = {isa = PBXFileReference; lastKnownFileType = file.storyboard; name = Base; path = Base.lproj/Main.storyboard; sourceTree = "<group>"; };
		86F6FC2220E2292000BA0AD1 /* Base */ = {isa = PBXFileReference; lastKnownFileType = file.storyboard; name = Base; path = Base.lproj/LaunchScreen.storyboard; sourceTree = "<group>"; };
		86F6FC2420E2292000BA0AD1 /* Info.plist */ = {isa = PBXFileReference; lastKnownFileType = text.plist.xml; path = Info.plist; sourceTree = "<group>"; };
		86F6FC2A20E2344500BA0AD1 /* Assets.xcassets */ = {isa = PBXFileReference; lastKnownFileType = folder.assetcatalog; path = Assets.xcassets; sourceTree = "<group>"; };
		86F6FC3620E23E6500BA0AD1 /* LJMainViewController.swift */ = {isa = PBXFileReference; lastKnownFileType = sourcecode.swift; path = LJMainViewController.swift; sourceTree = "<group>"; };
		86F6FC3820E23F7100BA0AD1 /* LJNavigationController.swift */ = {isa = PBXFileReference; lastKnownFileType = sourcecode.swift; path = LJNavigationController.swift; sourceTree = "<group>"; };
		86F6FC3A20E244F100BA0AD1 /* LJMessageViewController.swift */ = {isa = PBXFileReference; lastKnownFileType = sourcecode.swift; path = LJMessageViewController.swift; sourceTree = "<group>"; };
		86F6FC3C20E2450200BA0AD1 /* LJProfileViewController.swift */ = {isa = PBXFileReference; lastKnownFileType = sourcecode.swift; path = LJProfileViewController.swift; sourceTree = "<group>"; };
		86F6FC3E20E2451200BA0AD1 /* LJDiscoverViewController.swift */ = {isa = PBXFileReference; lastKnownFileType = sourcecode.swift; path = LJDiscoverViewController.swift; sourceTree = "<group>"; };
		86F6FC4020E2451F00BA0AD1 /* LJHomeViewController.swift */ = {isa = PBXFileReference; lastKnownFileType = sourcecode.swift; path = LJHomeViewController.swift; sourceTree = "<group>"; };
		86F6FC4220E247CC00BA0AD1 /* testPro-Bridge.h */ = {isa = PBXFileReference; lastKnownFileType = sourcecode.c.h; path = "testPro-Bridge.h"; sourceTree = "<group>"; };
		86F6FC4420E3239800BA0AD1 /* UIColor+CZAddition.m */ = {isa = PBXFileReference; fileEncoding = 4; lastKnownFileType = sourcecode.c.objc; path = "UIColor+CZAddition.m"; sourceTree = "<group>"; };
		86F6FC4520E3239800BA0AD1 /* UIView+CZAddition.m */ = {isa = PBXFileReference; fileEncoding = 4; lastKnownFileType = sourcecode.c.objc; path = "UIView+CZAddition.m"; sourceTree = "<group>"; };
		86F6FC4620E3239800BA0AD1 /* UIButton+CZAddition.h */ = {isa = PBXFileReference; fileEncoding = 4; lastKnownFileType = sourcecode.c.h; path = "UIButton+CZAddition.h"; sourceTree = "<group>"; };
		86F6FC4720E3239800BA0AD1 /* NSString+CZHash.h */ = {isa = PBXFileReference; fileEncoding = 4; lastKnownFileType = sourcecode.c.h; path = "NSString+CZHash.h"; sourceTree = "<group>"; };
		86F6FC4820E3239800BA0AD1 /* UIScreen+CZAddition.m */ = {isa = PBXFileReference; fileEncoding = 4; lastKnownFileType = sourcecode.c.objc; path = "UIScreen+CZAddition.m"; sourceTree = "<group>"; };
		86F6FC4920E3239800BA0AD1 /* UIViewController+CZAddition.h */ = {isa = PBXFileReference; fileEncoding = 4; lastKnownFileType = sourcecode.c.h; path = "UIViewController+CZAddition.h"; sourceTree = "<group>"; };
		86F6FC4A20E3239800BA0AD1 /* UILabel+CZAddition.m */ = {isa = PBXFileReference; fileEncoding = 4; lastKnownFileType = sourcecode.c.objc; path = "UILabel+CZAddition.m"; sourceTree = "<group>"; };
		86F6FC4B20E3239800BA0AD1 /* NSObject+CZRuntime.h */ = {isa = PBXFileReference; fileEncoding = 4; lastKnownFileType = sourcecode.c.h; path = "NSObject+CZRuntime.h"; sourceTree = "<group>"; };
		86F6FC4C20E3239800BA0AD1 /* NSString+CZBase64.m */ = {isa = PBXFileReference; fileEncoding = 4; lastKnownFileType = sourcecode.c.objc; path = "NSString+CZBase64.m"; sourceTree = "<group>"; };
		86F6FC4D20E3239800BA0AD1 /* NSString+CZPath.m */ = {isa = PBXFileReference; fileEncoding = 4; lastKnownFileType = sourcecode.c.objc; path = "NSString+CZPath.m"; sourceTree = "<group>"; };
		86F6FC4E20E3239800BA0AD1 /* NSArray+Log.h */ = {isa = PBXFileReference; fileEncoding = 4; lastKnownFileType = sourcecode.c.h; path = "NSArray+Log.h"; sourceTree = "<group>"; };
		86F6FC4F20E3239800BA0AD1 /* NSAttributedString+CZAdditon.h */ = {isa = PBXFileReference; fileEncoding = 4; lastKnownFileType = sourcecode.c.h; path = "NSAttributedString+CZAdditon.h"; sourceTree = "<group>"; };
		86F6FC5020E3239800BA0AD1 /* UIButton+CZAddition.m */ = {isa = PBXFileReference; fileEncoding = 4; lastKnownFileType = sourcecode.c.objc; path = "UIButton+CZAddition.m"; sourceTree = "<group>"; };
		86F6FC5120E3239800BA0AD1 /* UIView+CZAddition.h */ = {isa = PBXFileReference; fileEncoding = 4; lastKnownFileType = sourcecode.c.h; path = "UIView+CZAddition.h"; sourceTree = "<group>"; };
		86F6FC5220E3239800BA0AD1 /* UIColor+CZAddition.h */ = {isa = PBXFileReference; fileEncoding = 4; lastKnownFileType = sourcecode.c.h; path = "UIColor+CZAddition.h"; sourceTree = "<group>"; };
		86F6FC5320E3239800BA0AD1 /* NSObject+CZRuntime.m */ = {isa = PBXFileReference; fileEncoding = 4; lastKnownFileType = sourcecode.c.objc; path = "NSObject+CZRuntime.m"; sourceTree = "<group>"; };
		86F6FC5420E3239800BA0AD1 /* UILabel+CZAddition.h */ = {isa = PBXFileReference; fileEncoding = 4; lastKnownFileType = sourcecode.c.h; path = "UILabel+CZAddition.h"; sourceTree = "<group>"; };
		86F6FC5520E3239800BA0AD1 /* UIScreen+CZAddition.h */ = {isa = PBXFileReference; fileEncoding = 4; lastKnownFileType = sourcecode.c.h; path = "UIScreen+CZAddition.h"; sourceTree = "<group>"; };
		86F6FC5620E3239800BA0AD1 /* UIViewController+CZAddition.m */ = {isa = PBXFileReference; fileEncoding = 4; lastKnownFileType = sourcecode.c.objc; path = "UIViewController+CZAddition.m"; sourceTree = "<group>"; };
		86F6FC5720E3239800BA0AD1 /* NSString+CZHash.m */ = {isa = PBXFileReference; fileEncoding = 4; lastKnownFileType = sourcecode.c.objc; path = "NSString+CZHash.m"; sourceTree = "<group>"; };
		86F6FC5820E3239800BA0AD1 /* NSString+CZBase64.h */ = {isa = PBXFileReference; fileEncoding = 4; lastKnownFileType = sourcecode.c.h; path = "NSString+CZBase64.h"; sourceTree = "<group>"; };
		86F6FC5920E3239800BA0AD1 /* CZAdditions.h */ = {isa = PBXFileReference; fileEncoding = 4; lastKnownFileType = sourcecode.c.h; path = CZAdditions.h; sourceTree = "<group>"; };
		86F6FC5A20E3239800BA0AD1 /* NSAttributedString+CZAdditon.m */ = {isa = PBXFileReference; fileEncoding = 4; lastKnownFileType = sourcecode.c.objc; path = "NSAttributedString+CZAdditon.m"; sourceTree = "<group>"; };
		86F6FC5B20E3239800BA0AD1 /* NSArray+Log.m */ = {isa = PBXFileReference; fileEncoding = 4; lastKnownFileType = sourcecode.c.objc; path = "NSArray+Log.m"; sourceTree = "<group>"; };
		86F6FC5C20E3239800BA0AD1 /* NSString+CZPath.h */ = {isa = PBXFileReference; fileEncoding = 4; lastKnownFileType = sourcecode.c.h; path = "NSString+CZPath.h"; sourceTree = "<group>"; };
		86F6FC6920E325D900BA0AD1 /* LJBaseViewController.swift */ = {isa = PBXFileReference; lastKnownFileType = sourcecode.swift; path = LJBaseViewController.swift; sourceTree = "<group>"; };
		86F6FC6C20E32D5400BA0AD1 /* Bundle+extension.swift */ = {isa = PBXFileReference; lastKnownFileType = sourcecode.swift; path = "Bundle+extension.swift"; sourceTree = "<group>"; };
		86F6FC7020E39BC800BA0AD1 /* UIBarButtonItem+Extension.swift */ = {isa = PBXFileReference; lastKnownFileType = sourcecode.swift; path = "UIBarButtonItem+Extension.swift"; sourceTree = "<group>"; };
		86F6FC7220E48F2700BA0AD1 /* LJNavigationBar.swift */ = {isa = PBXFileReference; lastKnownFileType = sourcecode.swift; path = LJNavigationBar.swift; sourceTree = "<group>"; };
		86F6FC9A20E7710C00BA0AD1 /* LJVisitorView.swift */ = {isa = PBXFileReference; lastKnownFileType = sourcecode.swift; path = LJVisitorView.swift; sourceTree = "<group>"; };
		86F6FCA220EA25F000BA0AD1 /* main.json */ = {isa = PBXFileReference; fileEncoding = 4; lastKnownFileType = text.json; path = main.json; sourceTree = "<group>"; };
		86F6FCA920EC988900BA0AD1 /* LJNetworkManager.swift */ = {isa = PBXFileReference; lastKnownFileType = sourcecode.swift; path = LJNetworkManager.swift; sourceTree = "<group>"; };
		86F6FCAB20ECC75A00BA0AD1 /* LJNetworkManager+Extension.swift */ = {isa = PBXFileReference; lastKnownFileType = sourcecode.swift; path = "LJNetworkManager+Extension.swift"; sourceTree = "<group>"; };
		86FFE0D220F72B460026AB61 /* LJNewFeatureView.xib */ = {isa = PBXFileReference; lastKnownFileType = file.xib; path = LJNewFeatureView.xib; sourceTree = "<group>"; };
/* End PBXFileReference section */

/* Begin PBXFrameworksBuildPhase section */
		86F6FC1220E2292000BA0AD1 /* Frameworks */ = {
			isa = PBXFrameworksBuildPhase;
			buildActionMask = 2147483647;
			files = (
				9FBE546B42CBBF3CFD5EFF45 /* Pods_testPro.framework in Frameworks */,
			);
			runOnlyForDeploymentPostprocessing = 0;
		};
/* End PBXFrameworksBuildPhase section */

/* Begin PBXGroup section */
		038C41E4525B29D9E78E69EF /* Frameworks */ = {
			isa = PBXGroup;
			children = (
				6B1D98216877E71E3926A472 /* Pods_testPro.framework */,
			);
			name = Frameworks;
			sourceTree = "<group>";
		};
		861D513D2104D75900700E97 /* LJRefreshControl */ = {
			isa = PBXGroup;
			children = (
				868E77F521071D6D00957E20 /* LJHumanRefreshView.xib */,
				868E77F421071D6D00957E20 /* LJMeiRefreshView.swift */,
				868E77F621071D6E00957E20 /* LJMeiRefreshView.xib */,
				861D51472105B87300700E97 /* LJRefreshView.swift */,
				861D513E2104D77C00700E97 /* LJRefreshControl.swift */,
				861D51482105B87300700E97 /* LJRefreshView.xib */,
			);
			path = LJRefreshControl;
			sourceTree = "<group>";
		};
		864E653B20F4A41A00D5AB30 /* OAuth */ = {
			isa = PBXGroup;
			children = (
				864E653C20F4A44000D5AB30 /* LJOAuthViewController.swift */,
			);
			path = OAuth;
			sourceTree = "<group>";
		};
		864E653E20F59DCE00D5AB30 /* Model */ = {
			isa = PBXGroup;
			children = (
				864E653F20F59DE800D5AB30 /* LJUserAccount.swift */,
			);
			path = Model;
			sourceTree = "<group>";
		};
		864E654120F5F94400D5AB30 /* Views */ = {
			isa = PBXGroup;
			children = (
				864E654220F5F98C00D5AB30 /* LJTitleButton.swift */,
			);
			path = Views;
			sourceTree = "<group>";
		};
		864E654420F6EE1600D5AB30 /* NewFeature */ = {
			isa = PBXGroup;
			children = (
				864E654520F6EE3300D5AB30 /* LJWelcomeView.swift */,
				864E654920F6F79000D5AB30 /* LJWelcomeView.xib */,
				864E654720F6EED400D5AB30 /* LJNewFeatureView.swift */,
				86FFE0D220F72B460026AB61 /* LJNewFeatureView.xib */,
			);
			path = NewFeature;
			sourceTree = "<group>";
		};
		86996DDB210B35A800D707C6 /* Emoticon */ = {
			isa = PBXGroup;
			children = (
				86996DE3210B360A00D707C6 /* LJEmoticonManager.swift */,
				86996DDE210B35D200D707C6 /* Model */,
				86996DDC210B35BC00D707C6 /* HMEmoticon.bundle */,
			);
			path = Emoticon;
			sourceTree = "<group>";
		};
		86996DDE210B35D200D707C6 /* Model */ = {
			isa = PBXGroup;
			children = (
				86996DDF210B35D200D707C6 /* LJEmoticonPackage.swift */,
				86996DE0210B35D200D707C6 /* LJEmoticon.swift */,
			);
			path = Model;
			sourceTree = "<group>";
		};
		869A439820FC7337008980F9 /* statusCell */ = {
			isa = PBXGroup;
			children = (
				869A439920FC736A008980F9 /* LJStatusCell.swift */,
				869A439B20FC739D008980F9 /* LJStatusNormalCell.xib */,
				866775AA21002E6D00CD7D03 /* LJStatusRetweetCell.xib */,
				866775A420FE023700CD7D03 /* LJStatusToolBar.swift */,
				866775A620FEE34E00CD7D03 /* LJStatusPicView.swift */,
			);
			path = statusCell;
			sourceTree = "<group>";
		};
		86ACA8C421080C14003D3008 /* Compose */ = {
			isa = PBXGroup;
			children = (
				86ACA8C521080C7B003D3008 /* ComposeType */,
				86ACA8D221096773003D3008 /* LJComposeViewController.swift */,
			);
			path = Compose;
			sourceTree = "<group>";
		};
		86ACA8C521080C7B003D3008 /* ComposeType */ = {
			isa = PBXGroup;
			children = (
				86ACA8CA21080D00003D3008 /* LJComposeTypeView.swift */,
				86ACA8CC21080D09003D3008 /* LJComposeTypeView.xib */,
				86ACA8CE210818A4003D3008 /* LJComposeTypeButton.swift */,
				86ACA8D0210818BC003D3008 /* LJComposeTypeButton.xib */,
			);
			path = ComposeType;
			sourceTree = "<group>";
		};
		86F6FC0C20E2292000BA0AD1 = {
			isa = PBXGroup;
			children = (
				86F6FC1720E2292000BA0AD1 /* testPro */,
				86F6FC1620E2292000BA0AD1 /* Products */,
				A9D746983627CCB698E3A647 /* Pods */,
				038C41E4525B29D9E78E69EF /* Frameworks */,
			);
			sourceTree = "<group>";
		};
		86F6FC1620E2292000BA0AD1 /* Products */ = {
			isa = PBXGroup;
			children = (
				86F6FC1520E2292000BA0AD1 /* testPro.app */,
			);
			name = Products;
			sourceTree = "<group>";
		};
		86F6FC1720E2292000BA0AD1 /* testPro */ = {
			isa = PBXGroup;
			children = (
				86F6FC2C20E23C8E00BA0AD1 /* Classes */,
				86F6FC1820E2292000BA0AD1 /* AppDelegate.swift */,
				86F6FC4220E247CC00BA0AD1 /* testPro-Bridge.h */,
				86F6FC2A20E2344500BA0AD1 /* Assets.xcassets */,
				86F6FC1C20E2292000BA0AD1 /* Main.storyboard */,
				86F6FC2120E2292000BA0AD1 /* LaunchScreen.storyboard */,
				86F6FC2420E2292000BA0AD1 /* Info.plist */,
			);
			path = testPro;
			sourceTree = "<group>";
		};
		86F6FC2C20E23C8E00BA0AD1 /* Classes */ = {
			isa = PBXGroup;
			children = (
				86F6FC2D20E23C8E00BA0AD1 /* View(视图和控制器) */,
				86F6FC3320E23C8E00BA0AD1 /* Tools */,
				86F6FC3420E23C8E00BA0AD1 /* ViewModel(视图模型) */,
				86F6FC3520E23C8E00BA0AD1 /* Model(模型) */,
			);
			path = Classes;
			sourceTree = "<group>";
		};
		86F6FC2D20E23C8E00BA0AD1 /* View(视图和控制器) */ = {
			isa = PBXGroup;
			children = (
				86ACA8C421080C14003D3008 /* Compose */,
				86F6FC2E20E23C8E00BA0AD1 /* Home */,
				86F6FC2F20E23C8E00BA0AD1 /* Discover */,
				86F6FC3020E23C8E00BA0AD1 /* Message */,
				86F6FC3120E23C8E00BA0AD1 /* Profile */,
				86F6FC3220E23C8E00BA0AD1 /* Main */,
			);
			path = "View(视图和控制器)";
			sourceTree = "<group>";
		};
		86F6FC2E20E23C8E00BA0AD1 /* Home */ = {
			isa = PBXGroup;
			children = (
				869A439820FC7337008980F9 /* statusCell */,
				86F6FC4020E2451F00BA0AD1 /* LJHomeViewController.swift */,
				864E654120F5F94400D5AB30 /* Views */,
			);
			path = Home;
			sourceTree = "<group>";
		};
		86F6FC2F20E23C8E00BA0AD1 /* Discover */ = {
			isa = PBXGroup;
			children = (
				86F6FC3E20E2451200BA0AD1 /* LJDiscoverViewController.swift */,
			);
			path = Discover;
			sourceTree = "<group>";
		};
		86F6FC3020E23C8E00BA0AD1 /* Message */ = {
			isa = PBXGroup;
			children = (
				86F6FC3A20E244F100BA0AD1 /* LJMessageViewController.swift */,
			);
			path = Message;
			sourceTree = "<group>";
		};
		86F6FC3120E23C8E00BA0AD1 /* Profile */ = {
			isa = PBXGroup;
			children = (
				86F6FC3C20E2450200BA0AD1 /* LJProfileViewController.swift */,
			);
			path = Profile;
			sourceTree = "<group>";
		};
		86F6FC3220E23C8E00BA0AD1 /* Main */ = {
			isa = PBXGroup;
			children = (
				864E654420F6EE1600D5AB30 /* NewFeature */,
				864E653B20F4A41A00D5AB30 /* OAuth */,
				86F6FCA220EA25F000BA0AD1 /* main.json */,
				86F6FC9620E770CE00BA0AD1 /* VisitorView */,
				86F6FC3620E23E6500BA0AD1 /* LJMainViewController.swift */,
				86F6FC3820E23F7100BA0AD1 /* LJNavigationController.swift */,
				86F6FC6920E325D900BA0AD1 /* LJBaseViewController.swift */,
				86F6FC7220E48F2700BA0AD1 /* LJNavigationBar.swift */,
			);
			path = Main;
			sourceTree = "<group>";
		};
		86F6FC3320E23C8E00BA0AD1 /* Tools */ = {
			isa = PBXGroup;
			children = (
				86996DDB210B35A800D707C6 /* Emoticon */,
				861D513D2104D75900700E97 /* LJRefreshControl */,
				864E653E20F59DCE00D5AB30 /* Model */,
				86F6FCA820EC7B3100BA0AD1 /* netwrok */,
				86F6FC6B20E32CB500BA0AD1 /* Extension */,
				86F6FC4320E3239800BA0AD1 /* Additions */,
				864E653920F4A15700D5AB30 /* LJCommon.swift */,
				8667758420FDDCD600CD7D03 /* LJLable.swift */,
			);
			path = Tools;
			sourceTree = "<group>";
		};
		86F6FC3420E23C8E00BA0AD1 /* ViewModel(视图模型) */ = {
			isa = PBXGroup;
			children = (
				864E650020EDF5A600D5AB30 /* LJStatusViewModel.swift */,
				8667758020FD8EC500CD7D03 /* LJStatusSingleViewModel.swift */,
				866775A820FF14C500CD7D03 /* LJStatausPicture.swift */,
			);
			path = "ViewModel(视图模型)";
			sourceTree = "<group>";
		};
		86F6FC3520E23C8E00BA0AD1 /* Model(模型) */ = {
			isa = PBXGroup;
			children = (
				864E64CF20EDBC2600D5AB30 /* LJStatusModel.swift */,
				8667757E20FD8B2500CD7D03 /* LJUser.swift */,
			);
			path = "Model(模型)";
			sourceTree = "<group>";
		};
		86F6FC4320E3239800BA0AD1 /* Additions */ = {
			isa = PBXGroup;
			children = (
				86F6FC4420E3239800BA0AD1 /* UIColor+CZAddition.m */,
				86F6FC4520E3239800BA0AD1 /* UIView+CZAddition.m */,
				86F6FC4620E3239800BA0AD1 /* UIButton+CZAddition.h */,
				86F6FC4720E3239800BA0AD1 /* NSString+CZHash.h */,
				86F6FC4820E3239800BA0AD1 /* UIScreen+CZAddition.m */,
				86F6FC4920E3239800BA0AD1 /* UIViewController+CZAddition.h */,
				86F6FC4A20E3239800BA0AD1 /* UILabel+CZAddition.m */,
				86F6FC4B20E3239800BA0AD1 /* NSObject+CZRuntime.h */,
				86F6FC4C20E3239800BA0AD1 /* NSString+CZBase64.m */,
				86F6FC4D20E3239800BA0AD1 /* NSString+CZPath.m */,
				86F6FC4E20E3239800BA0AD1 /* NSArray+Log.h */,
				86F6FC4F20E3239800BA0AD1 /* NSAttributedString+CZAdditon.h */,
				86F6FC5020E3239800BA0AD1 /* UIButton+CZAddition.m */,
				86F6FC5120E3239800BA0AD1 /* UIView+CZAddition.h */,
				86F6FC5220E3239800BA0AD1 /* UIColor+CZAddition.h */,
				86F6FC5320E3239800BA0AD1 /* NSObject+CZRuntime.m */,
				86F6FC5420E3239800BA0AD1 /* UILabel+CZAddition.h */,
				86F6FC5520E3239800BA0AD1 /* UIScreen+CZAddition.h */,
				86F6FC5620E3239800BA0AD1 /* UIViewController+CZAddition.m */,
				86F6FC5720E3239800BA0AD1 /* NSString+CZHash.m */,
				86F6FC5820E3239800BA0AD1 /* NSString+CZBase64.h */,
				86F6FC5920E3239800BA0AD1 /* CZAdditions.h */,
				86F6FC5A20E3239800BA0AD1 /* NSAttributedString+CZAdditon.m */,
				86F6FC5B20E3239800BA0AD1 /* NSArray+Log.m */,
				86F6FC5C20E3239800BA0AD1 /* NSString+CZPath.h */,
			);
			path = Additions;
			sourceTree = "<group>";
		};
		86F6FC6B20E32CB500BA0AD1 /* Extension */ = {
			isa = PBXGroup;
			children = (
				86ACA8F42109C56F003D3008 /* String+Extentsion.swift */,
				86F6FC6C20E32D5400BA0AD1 /* Bundle+extension.swift */,
				86F6FC7020E39BC800BA0AD1 /* UIBarButtonItem+Extension.swift */,
				869A439620FC6CA1008980F9 /* LJImage+Extentsion.swift */,
				8667758220FDCCC000CD7D03 /* UIimageView+WebImage.swift */,
			);
			path = Extension;
			sourceTree = "<group>";
		};
		86F6FC9620E770CE00BA0AD1 /* VisitorView */ = {
			isa = PBXGroup;
			children = (
				86F6FC9A20E7710C00BA0AD1 /* LJVisitorView.swift */,
			);
			path = VisitorView;
			sourceTree = "<group>";
		};
		86F6FCA820EC7B3100BA0AD1 /* netwrok */ = {
			isa = PBXGroup;
			children = (
				86F6FCA920EC988900BA0AD1 /* LJNetworkManager.swift */,
				86F6FCAB20ECC75A00BA0AD1 /* LJNetworkManager+Extension.swift */,
			);
			path = netwrok;
			sourceTree = "<group>";
		};
		A9D746983627CCB698E3A647 /* Pods */ = {
			isa = PBXGroup;
			children = (
				3FAA8828133FE0D8271E24A3 /* Pods-testPro.debug.xcconfig */,
				40C3814E624AF317B3D482EF /* Pods-testPro.release.xcconfig */,
			);
			name = Pods;
			sourceTree = "<group>";
		};
/* End PBXGroup section */

/* Begin PBXNativeTarget section */
		86F6FC1420E2292000BA0AD1 /* testPro */ = {
			isa = PBXNativeTarget;
			buildConfigurationList = 86F6FC2720E2292000BA0AD1 /* Build configuration list for PBXNativeTarget "testPro" */;
			buildPhases = (
				E4D3C0AE1D6B86AE4EC3EAF7 /* [CP] Check Pods Manifest.lock */,
				86F6FC1120E2292000BA0AD1 /* Sources */,
				86F6FC1220E2292000BA0AD1 /* Frameworks */,
				86F6FC1320E2292000BA0AD1 /* Resources */,
				C5FD8AB045BF3D4B847B8585 /* [CP] Embed Pods Frameworks */,
				205C61BF716F5BA5FB1D6A26 /* [CP] Copy Pods Resources */,
			);
			buildRules = (
			);
			dependencies = (
			);
			name = testPro;
			productName = testPro;
			productReference = 86F6FC1520E2292000BA0AD1 /* testPro.app */;
			productType = "com.apple.product-type.application";
		};
/* End PBXNativeTarget section */

/* Begin PBXProject section */
		86F6FC0D20E2292000BA0AD1 /* Project object */ = {
			isa = PBXProject;
			attributes = {
				CLASSPREFIX = LJ;
				LastSwiftUpdateCheck = 0920;
				LastUpgradeCheck = 0920;
				ORGANIZATIONNAME = ljkj;
				TargetAttributes = {
					86F6FC1420E2292000BA0AD1 = {
						CreatedOnToolsVersion = 9.2;
						ProvisioningStyle = Automatic;
					};
				};
			};
			buildConfigurationList = 86F6FC1020E2292000BA0AD1 /* Build configuration list for PBXProject "testPro" */;
			compatibilityVersion = "Xcode 8.0";
			developmentRegion = en;
			hasScannedForEncodings = 0;
			knownRegions = (
				en,
				Base,
			);
			mainGroup = 86F6FC0C20E2292000BA0AD1;
			productRefGroup = 86F6FC1620E2292000BA0AD1 /* Products */;
			projectDirPath = "";
			projectRoot = "";
			targets = (
				86F6FC1420E2292000BA0AD1 /* testPro */,
			);
		};
/* End PBXProject section */

/* Begin PBXResourcesBuildPhase section */
		86F6FC1320E2292000BA0AD1 /* Resources */ = {
			isa = PBXResourcesBuildPhase;
			buildActionMask = 2147483647;
			files = (
				86ACA8D1210818BC003D3008 /* LJComposeTypeButton.xib in Resources */,
				864E654A20F6F79000D5AB30 /* LJWelcomeView.xib in Resources */,
				86996DDD210B35BC00D707C6 /* HMEmoticon.bundle in Resources */,
				86F6FC2320E2292000BA0AD1 /* LaunchScreen.storyboard in Resources */,
				866775AB21002E6D00CD7D03 /* LJStatusRetweetCell.xib in Resources */,
				86ACA8CD21080D09003D3008 /* LJComposeTypeView.xib in Resources */,
				86F6FC2B20E2344600BA0AD1 /* Assets.xcassets in Resources */,
				868E77F821071D6E00957E20 /* LJHumanRefreshView.xib in Resources */,
				86F6FCA320EA25F000BA0AD1 /* main.json in Resources */,
				868E77F921071D6E00957E20 /* LJMeiRefreshView.xib in Resources */,
				86FFE0D320F72B460026AB61 /* LJNewFeatureView.xib in Resources */,
				861D514A2105B87300700E97 /* LJRefreshView.xib in Resources */,
				869A439C20FC739D008980F9 /* LJStatusNormalCell.xib in Resources */,
				86F6FC1E20E2292000BA0AD1 /* Main.storyboard in Resources */,
			);
			runOnlyForDeploymentPostprocessing = 0;
		};
/* End PBXResourcesBuildPhase section */

/* Begin PBXShellScriptBuildPhase section */
		205C61BF716F5BA5FB1D6A26 /* [CP] Copy Pods Resources */ = {
			isa = PBXShellScriptBuildPhase;
			buildActionMask = 2147483647;
			files = (
			);
			inputPaths = (
			);
			name = "[CP] Copy Pods Resources";
			outputPaths = (
			);
			runOnlyForDeploymentPostprocessing = 0;
			shellPath = /bin/sh;
			shellScript = "\"${SRCROOT}/Pods/Target Support Files/Pods-testPro/Pods-testPro-resources.sh\"\n";
			showEnvVarsInLog = 0;
		};
		C5FD8AB045BF3D4B847B8585 /* [CP] Embed Pods Frameworks */ = {
			isa = PBXShellScriptBuildPhase;
			buildActionMask = 12;
			files = (
			);
			inputPaths = (
				"${SRCROOT}/Pods/Target Support Files/Pods-testPro/Pods-testPro-frameworks.sh",
				"${BUILT_PRODUCTS_DIR}/AFNetworking/AFNetworking.framework",
				"${BUILT_PRODUCTS_DIR}/FMDB/FMDB.framework",
				"${BUILT_PRODUCTS_DIR}/SDWebImage/SDWebImage.framework",
				"${BUILT_PRODUCTS_DIR}/SVProgressHUD/SVProgressHUD.framework",
				"${BUILT_PRODUCTS_DIR}/YYModel/YYModel.framework",
				"${BUILT_PRODUCTS_DIR}/pop/pop.framework",
			);
			name = "[CP] Embed Pods Frameworks";
			outputPaths = (
				"${TARGET_BUILD_DIR}/${FRAMEWORKS_FOLDER_PATH}/AFNetworking.framework",
				"${TARGET_BUILD_DIR}/${FRAMEWORKS_FOLDER_PATH}/FMDB.framework",
				"${TARGET_BUILD_DIR}/${FRAMEWORKS_FOLDER_PATH}/SDWebImage.framework",
				"${TARGET_BUILD_DIR}/${FRAMEWORKS_FOLDER_PATH}/SVProgressHUD.framework",
				"${TARGET_BUILD_DIR}/${FRAMEWORKS_FOLDER_PATH}/YYModel.framework",
				"${TARGET_BUILD_DIR}/${FRAMEWORKS_FOLDER_PATH}/pop.framework",
			);
			runOnlyForDeploymentPostprocessing = 0;
			shellPath = /bin/sh;
			shellScript = "\"${SRCROOT}/Pods/Target Support Files/Pods-testPro/Pods-testPro-frameworks.sh\"\n";
			showEnvVarsInLog = 0;
		};
		E4D3C0AE1D6B86AE4EC3EAF7 /* [CP] Check Pods Manifest.lock */ = {
			isa = PBXShellScriptBuildPhase;
			buildActionMask = 2147483647;
			files = (
			);
			inputPaths = (
				"${PODS_PODFILE_DIR_PATH}/Podfile.lock",
				"${PODS_ROOT}/Manifest.lock",
			);
			name = "[CP] Check Pods Manifest.lock";
			outputPaths = (
				"$(DERIVED_FILE_DIR)/Pods-testPro-checkManifestLockResult.txt",
			);
			runOnlyForDeploymentPostprocessing = 0;
			shellPath = /bin/sh;
			shellScript = "diff \"${PODS_PODFILE_DIR_PATH}/Podfile.lock\" \"${PODS_ROOT}/Manifest.lock\" > /dev/null\nif [ $? != 0 ] ; then\n    # print error to STDERR\n    echo \"error: The sandbox is not in sync with the Podfile.lock. Run 'pod install' or update your CocoaPods installation.\" >&2\n    exit 1\nfi\n# This output is used by Xcode 'outputs' to avoid re-running this script phase.\necho \"SUCCESS\" > \"${SCRIPT_OUTPUT_FILE_0}\"\n";
			showEnvVarsInLog = 0;
		};
/* End PBXShellScriptBuildPhase section */

/* Begin PBXSourcesBuildPhase section */
		86F6FC1120E2292000BA0AD1 /* Sources */ = {
			isa = PBXSourcesBuildPhase;
			buildActionMask = 2147483647;
			files = (
				86F6FC5F20E3239800BA0AD1 /* UIScreen+CZAddition.m in Sources */,
				86F6FC5D20E3239800BA0AD1 /* UIColor+CZAddition.m in Sources */,
				864E654320F5F98C00D5AB30 /* LJTitleButton.swift in Sources */,
				86996DE2210B35D200D707C6 /* LJEmoticon.swift in Sources */,
				86F6FC3B20E244F100BA0AD1 /* LJMessageViewController.swift in Sources */,
				864E64D020EDBC2600D5AB30 /* LJStatusModel.swift in Sources */,
				86F6FC6120E3239800BA0AD1 /* NSString+CZBase64.m in Sources */,
				86996DE4210B360A00D707C6 /* LJEmoticonManager.swift in Sources */,
				864E654620F6EE3300D5AB30 /* LJWelcomeView.swift in Sources */,
				86F6FC3D20E2450200BA0AD1 /* LJProfileViewController.swift in Sources */,
				864E654820F6EED400D5AB30 /* LJNewFeatureView.swift in Sources */,
				861D51492105B87300700E97 /* LJRefreshView.swift in Sources */,
				86F6FC4120E2451F00BA0AD1 /* LJHomeViewController.swift in Sources */,
				86F6FC3F20E2451200BA0AD1 /* LJDiscoverViewController.swift in Sources */,
				864E650120EDF5A600D5AB30 /* LJStatusViewModel.swift in Sources */,
				86ACA8CB21080D00003D3008 /* LJComposeTypeView.swift in Sources */,
				86ACA8CF210818A4003D3008 /* LJComposeTypeButton.swift in Sources */,
				86F6FC3920E23F7100BA0AD1 /* LJNavigationController.swift in Sources */,
				864E653D20F4A44000D5AB30 /* LJOAuthViewController.swift in Sources */,
				8667758520FDDCD600CD7D03 /* LJLable.swift in Sources */,
				868E77F721071D6E00957E20 /* LJMeiRefreshView.swift in Sources */,
				86F6FC7120E39BC800BA0AD1 /* UIBarButtonItem+Extension.swift in Sources */,
				864E653A20F4A15800D5AB30 /* LJCommon.swift in Sources */,
				86F6FC6420E3239800BA0AD1 /* NSObject+CZRuntime.m in Sources */,
				86F6FC6820E3239800BA0AD1 /* NSArray+Log.m in Sources */,
				8667758320FDCCC000CD7D03 /* UIimageView+WebImage.swift in Sources */,
				864E654020F59DE800D5AB30 /* LJUserAccount.swift in Sources */,
				86F6FC6D20E32D5400BA0AD1 /* Bundle+extension.swift in Sources */,
				8667758120FD8EC500CD7D03 /* LJStatusSingleViewModel.swift in Sources */,
				86F6FC6520E3239800BA0AD1 /* UIViewController+CZAddition.m in Sources */,
				86F6FC6320E3239800BA0AD1 /* UIButton+CZAddition.m in Sources */,
				866775A720FEE34E00CD7D03 /* LJStatusPicView.swift in Sources */,
				86F6FC6020E3239800BA0AD1 /* UILabel+CZAddition.m in Sources */,
				86F6FC9B20E7710C00BA0AD1 /* LJVisitorView.swift in Sources */,
				869A439720FC6CA1008980F9 /* LJImage+Extentsion.swift in Sources */,
				86996DE1210B35D200D707C6 /* LJEmoticonPackage.swift in Sources */,
				866775A920FF14C500CD7D03 /* LJStatausPicture.swift in Sources */,
				86F6FCAC20ECC75A00BA0AD1 /* LJNetworkManager+Extension.swift in Sources */,
				86ACA8F52109C570003D3008 /* String+Extentsion.swift in Sources */,
				86F6FC6A20E325D900BA0AD1 /* LJBaseViewController.swift in Sources */,
				86F6FC5E20E3239800BA0AD1 /* UIView+CZAddition.m in Sources */,
				86F6FC6620E3239800BA0AD1 /* NSString+CZHash.m in Sources */,
				86F6FC7320E48F2700BA0AD1 /* LJNavigationBar.swift in Sources */,
				861D513F2104D77C00700E97 /* LJRefreshControl.swift in Sources */,
				86F6FC6720E3239800BA0AD1 /* NSAttributedString+CZAdditon.m in Sources */,
				86ACA8D321096773003D3008 /* LJComposeViewController.swift in Sources */,
				869A439A20FC736A008980F9 /* LJStatusCell.swift in Sources */,
				86F6FC1920E2292000BA0AD1 /* AppDelegate.swift in Sources */,
				866775A520FE023700CD7D03 /* LJStatusToolBar.swift in Sources */,
				86F6FC6220E3239800BA0AD1 /* NSString+CZPath.m in Sources */,
				86F6FCAA20EC988900BA0AD1 /* LJNetworkManager.swift in Sources */,
				8667757F20FD8B2500CD7D03 /* LJUser.swift in Sources */,
				86F6FC3720E23E6500BA0AD1 /* LJMainViewController.swift in Sources */,
			);
			runOnlyForDeploymentPostprocessing = 0;
		};
/* End PBXSourcesBuildPhase section */

/* Begin PBXVariantGroup section */
		86F6FC1C20E2292000BA0AD1 /* Main.storyboard */ = {
			isa = PBXVariantGroup;
			children = (
				86F6FC1D20E2292000BA0AD1 /* Base */,
			);
			name = Main.storyboard;
			sourceTree = "<group>";
		};
		86F6FC2120E2292000BA0AD1 /* LaunchScreen.storyboard */ = {
			isa = PBXVariantGroup;
			children = (
				86F6FC2220E2292000BA0AD1 /* Base */,
			);
			name = LaunchScreen.storyboard;
			sourceTree = "<group>";
		};
/* End PBXVariantGroup section */

/* Begin XCBuildConfiguration section */
		86F6FC2520E2292000BA0AD1 /* Debug */ = {
			isa = XCBuildConfiguration;
			buildSettings = {
				ALWAYS_SEARCH_USER_PATHS = NO;
				CLANG_ANALYZER_NONNULL = YES;
				CLANG_ANALYZER_NUMBER_OBJECT_CONVERSION = YES_AGGRESSIVE;
				CLANG_CXX_LANGUAGE_STANDARD = "gnu++14";
				CLANG_CXX_LIBRARY = "libc++";
				CLANG_ENABLE_MODULES = YES;
				CLANG_ENABLE_OBJC_ARC = YES;
				CLANG_WARN_BLOCK_CAPTURE_AUTORELEASING = YES;
				CLANG_WARN_BOOL_CONVERSION = YES;
				CLANG_WARN_COMMA = YES;
				CLANG_WARN_CONSTANT_CONVERSION = YES;
				CLANG_WARN_DIRECT_OBJC_ISA_USAGE = YES_ERROR;
				CLANG_WARN_DOCUMENTATION_COMMENTS = YES;
				CLANG_WARN_EMPTY_BODY = YES;
				CLANG_WARN_ENUM_CONVERSION = YES;
				CLANG_WARN_INFINITE_RECURSION = YES;
				CLANG_WARN_INT_CONVERSION = YES;
				CLANG_WARN_NON_LITERAL_NULL_CONVERSION = YES;
				CLANG_WARN_OBJC_LITERAL_CONVERSION = YES;
				CLANG_WARN_OBJC_ROOT_CLASS = YES_ERROR;
				CLANG_WARN_RANGE_LOOP_ANALYSIS = YES;
				CLANG_WARN_STRICT_PROTOTYPES = YES;
				CLANG_WARN_SUSPICIOUS_MOVE = YES;
				CLANG_WARN_UNGUARDED_AVAILABILITY = YES_AGGRESSIVE;
				CLANG_WARN_UNREACHABLE_CODE = YES;
				CLANG_WARN__DUPLICATE_METHOD_MATCH = YES;
				CODE_SIGN_IDENTITY = "iPhone Developer";
				COPY_PHASE_STRIP = NO;
				DEBUG_INFORMATION_FORMAT = dwarf;
				ENABLE_STRICT_OBJC_MSGSEND = YES;
				ENABLE_TESTABILITY = YES;
				GCC_C_LANGUAGE_STANDARD = gnu11;
				GCC_DYNAMIC_NO_PIC = NO;
				GCC_NO_COMMON_BLOCKS = YES;
				GCC_OPTIMIZATION_LEVEL = 0;
				GCC_PREPROCESSOR_DEFINITIONS = (
					"DEBUG=1",
					"$(inherited)",
				);
				GCC_WARN_64_TO_32_BIT_CONVERSION = YES;
				GCC_WARN_ABOUT_RETURN_TYPE = YES_ERROR;
				GCC_WARN_UNDECLARED_SELECTOR = YES;
				GCC_WARN_UNINITIALIZED_AUTOS = YES_AGGRESSIVE;
				GCC_WARN_UNUSED_FUNCTION = YES;
				GCC_WARN_UNUSED_VARIABLE = YES;
				IPHONEOS_DEPLOYMENT_TARGET = 11.2;
				MTL_ENABLE_DEBUG_INFO = YES;
				ONLY_ACTIVE_ARCH = YES;
				SDKROOT = iphoneos;
				SWIFT_ACTIVE_COMPILATION_CONDITIONS = DEBUG;
				SWIFT_OPTIMIZATION_LEVEL = "-Onone";
			};
			name = Debug;
		};
		86F6FC2620E2292000BA0AD1 /* Release */ = {
			isa = XCBuildConfiguration;
			buildSettings = {
				ALWAYS_SEARCH_USER_PATHS = NO;
				CLANG_ANALYZER_NONNULL = YES;
				CLANG_ANALYZER_NUMBER_OBJECT_CONVERSION = YES_AGGRESSIVE;
				CLANG_CXX_LANGUAGE_STANDARD = "gnu++14";
				CLANG_CXX_LIBRARY = "libc++";
				CLANG_ENABLE_MODULES = YES;
				CLANG_ENABLE_OBJC_ARC = YES;
				CLANG_WARN_BLOCK_CAPTURE_AUTORELEASING = YES;
				CLANG_WARN_BOOL_CONVERSION = YES;
				CLANG_WARN_COMMA = YES;
				CLANG_WARN_CONSTANT_CONVERSION = YES;
				CLANG_WARN_DIRECT_OBJC_ISA_USAGE = YES_ERROR;
				CLANG_WARN_DOCUMENTATION_COMMENTS = YES;
				CLANG_WARN_EMPTY_BODY = YES;
				CLANG_WARN_ENUM_CONVERSION = YES;
				CLANG_WARN_INFINITE_RECURSION = YES;
				CLANG_WARN_INT_CONVERSION = YES;
				CLANG_WARN_NON_LITERAL_NULL_CONVERSION = YES;
				CLANG_WARN_OBJC_LITERAL_CONVERSION = YES;
				CLANG_WARN_OBJC_ROOT_CLASS = YES_ERROR;
				CLANG_WARN_RANGE_LOOP_ANALYSIS = YES;
				CLANG_WARN_STRICT_PROTOTYPES = YES;
				CLANG_WARN_SUSPICIOUS_MOVE = YES;
				CLANG_WARN_UNGUARDED_AVAILABILITY = YES_AGGRESSIVE;
				CLANG_WARN_UNREACHABLE_CODE = YES;
				CLANG_WARN__DUPLICATE_METHOD_MATCH = YES;
				CODE_SIGN_IDENTITY = "iPhone Developer";
				COPY_PHASE_STRIP = NO;
				DEBUG_INFORMATION_FORMAT = "dwarf-with-dsym";
				ENABLE_NS_ASSERTIONS = NO;
				ENABLE_STRICT_OBJC_MSGSEND = YES;
				GCC_C_LANGUAGE_STANDARD = gnu11;
				GCC_NO_COMMON_BLOCKS = YES;
				GCC_WARN_64_TO_32_BIT_CONVERSION = YES;
				GCC_WARN_ABOUT_RETURN_TYPE = YES_ERROR;
				GCC_WARN_UNDECLARED_SELECTOR = YES;
				GCC_WARN_UNINITIALIZED_AUTOS = YES_AGGRESSIVE;
				GCC_WARN_UNUSED_FUNCTION = YES;
				GCC_WARN_UNUSED_VARIABLE = YES;
				IPHONEOS_DEPLOYMENT_TARGET = 11.2;
				MTL_ENABLE_DEBUG_INFO = NO;
				SDKROOT = iphoneos;
				SWIFT_OPTIMIZATION_LEVEL = "-Owholemodule";
				VALIDATE_PRODUCT = YES;
			};
			name = Release;
		};
		86F6FC2820E2292000BA0AD1 /* Debug */ = {
			isa = XCBuildConfiguration;
			baseConfigurationReference = 3FAA8828133FE0D8271E24A3 /* Pods-testPro.debug.xcconfig */;
			buildSettings = {
				ASSETCATALOG_COMPILER_APPICON_NAME = AppIcon;
				ASSETCATALOG_COMPILER_LAUNCHIMAGE_NAME = LaunchImage;
				"CODE_SIGN_IDENTITY[sdk=iphoneos*]" = "iPhone Developer";
				CODE_SIGN_STYLE = Automatic;
				DEVELOPMENT_TEAM = 49HJAMKD2L;
				INFOPLIST_FILE = testPro/Info.plist;
				IPHONEOS_DEPLOYMENT_TARGET = 9.0;
				LD_RUNPATH_SEARCH_PATHS = "$(inherited) @executable_path/Frameworks";
				MACH_O_TYPE = mh_execute;
				PRODUCT_BUNDLE_IDENTIFIER = af.testPro;
				PRODUCT_NAME = "$(TARGET_NAME)";
				PROVISIONING_PROFILE_SPECIFIER = "";
				SWIFT_OBJC_BRIDGING_HEADER = "testPro/testPro-Bridge.h";
				SWIFT_VERSION = 4.0;
				TARGETED_DEVICE_FAMILY = 1;
			};
			name = Debug;
		};
		86F6FC2920E2292000BA0AD1 /* Release */ = {
			isa = XCBuildConfiguration;
			baseConfigurationReference = 40C3814E624AF317B3D482EF /* Pods-testPro.release.xcconfig */;
			buildSettings = {
				ASSETCATALOG_COMPILER_APPICON_NAME = AppIcon;
				ASSETCATALOG_COMPILER_LAUNCHIMAGE_NAME = LaunchImage;
				"CODE_SIGN_IDENTITY[sdk=iphoneos*]" = "iPhone Developer";
				CODE_SIGN_STYLE = Automatic;
				DEVELOPMENT_TEAM = 49HJAMKD2L;
				INFOPLIST_FILE = testPro/Info.plist;
				IPHONEOS_DEPLOYMENT_TARGET = 9.0;
				LD_RUNPATH_SEARCH_PATHS = "$(inherited) @executable_path/Frameworks";
				MACH_O_TYPE = mh_execute;
				PRODUCT_BUNDLE_IDENTIFIER = af.testPro;
				PRODUCT_NAME = "$(TARGET_NAME)";
				PROVISIONING_PROFILE_SPECIFIER = "";
				SWIFT_OBJC_BRIDGING_HEADER = "testPro/testPro-Bridge.h";
				SWIFT_VERSION = 4.0;
				TARGETED_DEVICE_FAMILY = 1;
			};
			name = Release;
		};
/* End XCBuildConfiguration section */

/* Begin XCConfigurationList section */
		86F6FC1020E2292000BA0AD1 /* Build configuration list for PBXProject "testPro" */ = {
			isa = XCConfigurationList;
			buildConfigurations = (
				86F6FC2520E2292000BA0AD1 /* Debug */,
				86F6FC2620E2292000BA0AD1 /* Release */,
			);
			defaultConfigurationIsVisible = 0;
			defaultConfigurationName = Release;
		};
		86F6FC2720E2292000BA0AD1 /* Build configuration list for PBXNativeTarget "testPro" */ = {
			isa = XCConfigurationList;
			buildConfigurations = (
				86F6FC2820E2292000BA0AD1 /* Debug */,
				86F6FC2920E2292000BA0AD1 /* Release */,
			);
			defaultConfigurationIsVisible = 0;
			defaultConfigurationName = Release;
		};
/* End XCConfigurationList section */
	};
	rootObject = 86F6FC0D20E2292000BA0AD1 /* Project object */;
}
